// !$*UTF8*$!
{
	archiveVersion = 1;
	classes = {
	};
	objectVersion = 46;
	objects = {

/* Begin PBXBuildFile section */
		94678EB01CDBC9050050BD66 /* main.m in Sources */ = {isa = PBXBuildFile; fileRef = 94678EAF1CDBC9050050BD66 /* main.m */; };
		94678EB31CDBC9050050BD66 /* AppDelegate.m in Sources */ = {isa = PBXBuildFile; fileRef = 94678EB21CDBC9050050BD66 /* AppDelegate.m */; };
		94678EB91CDBC9050050BD66 /* Main.storyboard in Resources */ = {isa = PBXBuildFile; fileRef = 94678EB71CDBC9050050BD66 /* Main.storyboard */; };
		94678EBE1CDBC9050050BD66 /* Assets.xcassets in Resources */ = {isa = PBXBuildFile; fileRef = 94678EBD1CDBC9050050BD66 /* Assets.xcassets */; };
		94678EC11CDBC9050050BD66 /* LaunchScreen.storyboard in Resources */ = {isa = PBXBuildFile; fileRef = 94678EBF1CDBC9050050BD66 /* LaunchScreen.storyboard */; };
		94678ECC1CDBCC650050BD66 /* MainViewController.m in Sources */ = {isa = PBXBuildFile; fileRef = 94678ECB1CDBCC650050BD66 /* MainViewController.m */; };
		94678ECF1CDBCCD90050BD66 /* AnnotateView.m in Sources */ = {isa = PBXBuildFile; fileRef = 94678ECE1CDBCCD90050BD66 /* AnnotateView.m */; };
		94678ED31CDBE69C0050BD66 /* DrawingView.m in Sources */ = {isa = PBXBuildFile; fileRef = 94678ED21CDBE69C0050BD66 /* DrawingView.m */; };
/* End PBXBuildFile section */

/* Begin PBXFileReference section */
		94678EAB1CDBC9050050BD66 /* Annotate.app */ = {isa = PBXFileReference; explicitFileType = wrapper.application; includeInIndex = 0; path = Annotate.app; sourceTree = BUILT_PRODUCTS_DIR; };
		94678EAF1CDBC9050050BD66 /* main.m */ = {isa = PBXFileReference; lastKnownFileType = sourcecode.c.objc; path = main.m; sourceTree = "<group>"; };
		94678EB11CDBC9050050BD66 /* AppDelegate.h */ = {isa = PBXFileReference; lastKnownFileType = sourcecode.c.h; path = AppDelegate.h; sourceTree = "<group>"; };
		94678EB21CDBC9050050BD66 /* AppDelegate.m */ = {isa = PBXFileReference; lastKnownFileType = sourcecode.c.objc; path = AppDelegate.m; sourceTree = "<group>"; };
		94678EB81CDBC9050050BD66 /* Base */ = {isa = PBXFileReference; lastKnownFileType = file.storyboard; name = Base; path = Base.lproj/Main.storyboard; sourceTree = "<group>"; };
		94678EBD1CDBC9050050BD66 /* Assets.xcassets */ = {isa = PBXFileReference; lastKnownFileType = folder.assetcatalog; path = Assets.xcassets; sourceTree = "<group>"; };
		94678EC01CDBC9050050BD66 /* Base */ = {isa = PBXFileReference; lastKnownFileType = file.storyboard; name = Base; path = Base.lproj/LaunchScreen.storyboard; sourceTree = "<group>"; };
		94678EC21CDBC9050050BD66 /* Info.plist */ = {isa = PBXFileReference; lastKnownFileType = text.plist.xml; path = Info.plist; sourceTree = "<group>"; };
		94678ECA1CDBCC650050BD66 /* MainViewController.h */ = {isa = PBXFileReference; fileEncoding = 4; lastKnownFileType = sourcecode.c.h; name = MainViewController.h; path = ViewControllers/MainViewController.h; sourceTree = "<group>"; };
		94678ECB1CDBCC650050BD66 /* MainViewController.m */ = {isa = PBXFileReference; fileEncoding = 4; lastKnownFileType = sourcecode.c.objc; name = MainViewController.m; path = ViewControllers/MainViewController.m; sourceTree = "<group>"; };
		94678ECD1CDBCCD90050BD66 /* AnnotateView.h */ = {isa = PBXFileReference; fileEncoding = 4; lastKnownFileType = sourcecode.c.h; name = AnnotateView.h; path = Views/AnnotateView.h; sourceTree = "<group>"; };
		94678ECE1CDBCCD90050BD66 /* AnnotateView.m */ = {isa = PBXFileReference; fileEncoding = 4; lastKnownFileType = sourcecode.c.objc; name = AnnotateView.m; path = Views/AnnotateView.m; sourceTree = "<group>"; };
		94678ED11CDBE69C0050BD66 /* DrawingView.h */ = {isa = PBXFileReference; fileEncoding = 4; lastKnownFileType = sourcecode.c.h; name = DrawingView.h; path = Views/DrawingView.h; sourceTree = "<group>"; };
		94678ED21CDBE69C0050BD66 /* DrawingView.m */ = {isa = PBXFileReference; fileEncoding = 4; lastKnownFileType = sourcecode.c.objc; name = DrawingView.m; path = Views/DrawingView.m; sourceTree = "<group>"; };
/* End PBXFileReference section */

/* Begin PBXFrameworksBuildPhase section */
		94678EA81CDBC9050050BD66 /* Frameworks */ = {
			isa = PBXFrameworksBuildPhase;
			buildActionMask = 2147483647;
			files = (
			);
			runOnlyForDeploymentPostprocessing = 0;
		};
/* End PBXFrameworksBuildPhase section */

/* Begin PBXGroup section */
		94678EA21CDBC9050050BD66 = {
			isa = PBXGroup;
			children = (
				94678EAD1CDBC9050050BD66 /* Annotate */,
				94678EAC1CDBC9050050BD66 /* Products */,
			);
			sourceTree = "<group>";
		};
		94678EAC1CDBC9050050BD66 /* Products */ = {
			isa = PBXGroup;
			children = (
				94678EAB1CDBC9050050BD66 /* Annotate.app */,
			);
			name = Products;
			sourceTree = "<group>";
		};
		94678EAD1CDBC9050050BD66 /* Annotate */ = {
			isa = PBXGroup;
			children = (
				94678EC91CDBCC470050BD66 /* Views */,
				94678EC81CDBCC370050BD66 /* ViewControllers */,
				94678EB11CDBC9050050BD66 /* AppDelegate.h */,
				94678EB21CDBC9050050BD66 /* AppDelegate.m */,
				94678EB71CDBC9050050BD66 /* Main.storyboard */,
				94678EBD1CDBC9050050BD66 /* Assets.xcassets */,
				94678EBF1CDBC9050050BD66 /* LaunchScreen.storyboard */,
				94678EC21CDBC9050050BD66 /* Info.plist */,
				94678EAE1CDBC9050050BD66 /* Supporting Files */,
			);
			name = Annotate;
			path = anotate;
			sourceTree = "<group>";
		};
		94678EAE1CDBC9050050BD66 /* Supporting Files */ = {
			isa = PBXGroup;
			children = (
				94678EAF1CDBC9050050BD66 /* main.m */,
			);
			name = "Supporting Files";
			sourceTree = "<group>";
		};
		94678EC81CDBCC370050BD66 /* ViewControllers */ = {
			isa = PBXGroup;
			children = (
				94678ECA1CDBCC650050BD66 /* MainViewController.h */,
				94678ECB1CDBCC650050BD66 /* MainViewController.m */,
			);
			name = ViewControllers;
			sourceTree = "<group>";
		};
		94678EC91CDBCC470050BD66 /* Views */ = {
			isa = PBXGroup;
			children = (
				94678ECD1CDBCCD90050BD66 /* AnnotateView.h */,
				94678ECE1CDBCCD90050BD66 /* AnnotateView.m */,
				94678ED11CDBE69C0050BD66 /* DrawingView.h */,
				94678ED21CDBE69C0050BD66 /* DrawingView.m */,
			);
			name = Views;
			sourceTree = "<group>";
		};
/* End PBXGroup section */

/* Begin PBXNativeTarget section */
		94678EAA1CDBC9050050BD66 /* Annotate */ = {
			isa = PBXNativeTarget;
			buildConfigurationList = 94678EC51CDBC9050050BD66 /* Build configuration list for PBXNativeTarget "Annotate" */;
			buildPhases = (
				94678EA71CDBC9050050BD66 /* Sources */,
				94678EA81CDBC9050050BD66 /* Frameworks */,
				94678EA91CDBC9050050BD66 /* Resources */,
			);
			buildRules = (
			);
			dependencies = (
			);
			name = Annotate;
			productName = anotate;
			productReference = 94678EAB1CDBC9050050BD66 /* Annotate.app */;
			productType = "com.apple.product-type.application";
		};
/* End PBXNativeTarget section */

/* Begin PBXProject section */
		94678EA31CDBC9050050BD66 /* Project object */ = {
			isa = PBXProject;
			attributes = {
				LastUpgradeCheck = 0720;
				ORGANIZATIONNAME = "Malin Soeun";
				TargetAttributes = {
					94678EAA1CDBC9050050BD66 = {
						CreatedOnToolsVersion = 7.2.1;
					};
				};
			};
			buildConfigurationList = 94678EA61CDBC9050050BD66 /* Build configuration list for PBXProject "Annotate" */;
			compatibilityVersion = "Xcode 3.2";
			developmentRegion = English;
			hasScannedForEncodings = 0;
			knownRegions = (
				en,
				Base,
			);
			mainGroup = 94678EA21CDBC9050050BD66;
			productRefGroup = 94678EAC1CDBC9050050BD66 /* Products */;
			projectDirPath = "";
			projectRoot = "";
			targets = (
				94678EAA1CDBC9050050BD66 /* Annotate */,
			);
		};
/* End PBXProject section */

/* Begin PBXResourcesBuildPhase section */
		94678EA91CDBC9050050BD66 /* Resources */ = {
			isa = PBXResourcesBuildPhase;
			buildActionMask = 2147483647;
			files = (
				94678EC11CDBC9050050BD66 /* LaunchScreen.storyboard in Resources */,
				94678EBE1CDBC9050050BD66 /* Assets.xcassets in Resources */,
				94678EB91CDBC9050050BD66 /* Main.storyboard in Resources */,
			);
			runOnlyForDeploymentPostprocessing = 0;
		};
/* End PBXResourcesBuildPhase section */

/* Begin PBXSourcesBuildPhase section */
		94678EA71CDBC9050050BD66 /* Sources */ = {
			isa = PBXSourcesBuildPhase;
			buildActionMask = 2147483647;
			files = (
				94678EB31CDBC9050050BD66 /* AppDelegate.m in Sources */,
				94678ECC1CDBCC650050BD66 /* MainViewController.m in Sources */,
				94678ECF1CDBCCD90050BD66 /* AnnotateView.m in Sources */,
				94678EB01CDBC9050050BD66 /* main.m in Sources */,
				94678ED31CDBE69C0050BD66 /* DrawingView.m in Sources */,
			);
			runOnlyForDeploymentPostprocessing = 0;
		};
/* End PBXSourcesBuildPhase section */

/* Begin PBXVariantGroup section */
		94678EB71CDBC9050050BD66 /* Main.storyboard */ = {
			isa = PBXVariantGroup;
			children = (
				94678EB81CDBC9050050BD66 /* Base */,
			);
			name = Main.storyboard;
			sourceTree = "<group>";
		};
		94678EBF1CDBC9050050BD66 /* LaunchScreen.storyboard */ = {
			isa = PBXVariantGroup;
			children = (
				94678EC01CDBC9050050BD66 /* Base */,
			);
			name = LaunchScreen.storyboard;
			sourceTree = "<group>";
		};
/* End PBXVariantGroup section */

/* Begin XCBuildConfiguration section */
		94678EC31CDBC9050050BD66 /* Debug */ = {
			isa = XCBuildConfiguration;
			buildSettings = {
				ALWAYS_SEARCH_USER_PATHS = NO;
				CLANG_CXX_LANGUAGE_STANDARD = "gnu++0x";
				CLANG_CXX_LIBRARY = "libc++";
				CLANG_ENABLE_MODULES = YES;
				CLANG_ENABLE_OBJC_ARC = YES;
				CLANG_WARN_BOOL_CONVERSION = YES;
				CLANG_WARN_CONSTANT_CONVERSION = YES;
				CLANG_WARN_DIRECT_OBJC_ISA_USAGE = YES_ERROR;
				CLANG_WARN_EMPTY_BODY = YES;
				CLANG_WARN_ENUM_CONVERSION = YES;
				CLANG_WARN_INT_CONVERSION = YES;
				CLANG_WARN_OBJC_ROOT_CLASS = YES_ERROR;
				CLANG_WARN_UNREACHABLE_CODE = YES;
				CLANG_WARN__DUPLICATE_METHOD_MATCH = YES;
				"CODE_SIGN_IDENTITY[sdk=iphoneos*]" = "iPhone Developer";
				COPY_PHASE_STRIP = NO;
				DEBUG_INFORMATION_FORMAT = dwarf;
				ENABLE_STRICT_OBJC_MSGSEND = YES;
				ENABLE_TESTABILITY = YES;
				GCC_C_LANGUAGE_STANDARD = gnu99;
				GCC_DYNAMIC_NO_PIC = NO;
				GCC_NO_COMMON_BLOCKS = YES;
				GCC_OPTIMIZATION_LEVEL = 0;
				GCC_PREPROCESSOR_DEFINITIONS = (
					"DEBUG=1",
					"$(inherited)",
				);
				GCC_WARN_64_TO_32_BIT_CONVERSION = YES;
				GCC_WARN_ABOUT_RETURN_TYPE = YES_ERROR;
				GCC_WARN_UNDECLARED_SELECTOR = YES;
				GCC_WARN_UNINITIALIZED_AUTOS = YES_AGGRESSIVE;
				GCC_WARN_UNUSED_FUNCTION = YES;
				GCC_WARN_UNUSED_VARIABLE = YES;
				IPHONEOS_DEPLOYMENT_TARGET = 9.2;
				MTL_ENABLE_DEBUG_INFO = YES;
				ONLY_ACTIVE_ARCH = YES;
				SDKROOT = iphoneos;
				TARGETED_DEVICE_FAMILY = 2;
			};
			name = Debug;
		};
		94678EC41CDBC9050050BD66 /* Release */ = {
			isa = XCBuildConfiguration;
			buildSettings = {
				ALWAYS_SEARCH_USER_PATHS = NO;
				CLANG_CXX_LANGUAGE_STANDARD = "gnu++0x";
				CLANG_CXX_LIBRARY = "libc++";
				CLANG_ENABLE_MODULES = YES;
				CLANG_ENABLE_OBJC_ARC = YES;
				CLANG_WARN_BOOL_CONVERSION = YES;
				CLANG_WARN_CONSTANT_CONVERSION = YES;
				CLANG_WARN_DIRECT_OBJC_ISA_USAGE = YES_ERROR;
				CLANG_WARN_EMPTY_BODY = YES;
				CLANG_WARN_ENUM_CONVERSION = YES;
				CLANG_WARN_INT_CONVERSION = YES;
				CLANG_WARN_OBJC_ROOT_CLASS = YES_ERROR;
				CLANG_WARN_UNREACHABLE_CODE = YES;
				CLANG_WARN__DUPLICATE_METHOD_MATCH = YES;
				"CODE_SIGN_IDENTITY[sdk=iphoneos*]" = "iPhone Developer";
				COPY_PHASE_STRIP = NO;
				DEBUG_INFORMATION_FORMAT = "dwarf-with-dsym";
				ENABLE_NS_ASSERTIONS = NO;
				ENABLE_STRICT_OBJC_MSGSEND = YES;
				GCC_C_LANGUAGE_STANDARD = gnu99;
				GCC_NO_COMMON_BLOCKS = YES;
				GCC_WARN_64_TO_32_BIT_CONVERSION = YES;
				GCC_WARN_ABOUT_RETURN_TYPE = YES_ERROR;
				GCC_WARN_UNDECLARED_SELECTOR = YES;
				GCC_WARN_UNINITIALIZED_AUTOS = YES_AGGRESSIVE;
				GCC_WARN_UNUSED_FUNCTION = YES;
				GCC_WARN_UNUSED_VARIABLE = YES;
				IPHONEOS_DEPLOYMENT_TARGET = 9.2;
				MTL_ENABLE_DEBUG_INFO = NO;
				SDKROOT = iphoneos;
				TARGETED_DEVICE_FAMILY = 2;
				VALIDATE_PRODUCT = YES;
			};
			name = Release;
		};
		94678EC61CDBC9050050BD66 /* Debug */ = {
			isa = XCBuildConfiguration;
			buildSettings = {
				ASSETCATALOG_COMPILER_APPICON_NAME = AppIcon;
				CODE_SIGN_IDENTITY = "iPhone Developer";
				INFOPLIST_FILE = anotate/Info.plist;
				IPHONEOS_DEPLOYMENT_TARGET = 8.0;
				LD_RUNPATH_SEARCH_PATHS = "$(inherited) @executable_path/Frameworks";
				PRODUCT_BUNDLE_IDENTIFIER = com.sample.anotate;
				PRODUCT_NAME = Annotate;
			};
			name = Debug;
		};
		94678EC71CDBC9050050BD66 /* Release */ = {
			isa = XCBuildConfiguration;
			buildSettings = {
				ASSETCATALOG_COMPILER_APPICON_NAME = AppIcon;
				CODE_SIGN_IDENTITY = "iPhone Developer";
				INFOPLIST_FILE = anotate/Info.plist;
				IPHONEOS_DEPLOYMENT_TARGET = 8.0;
				LD_RUNPATH_SEARCH_PATHS = "$(inherited) @executable_path/Frameworks";
				PRODUCT_BUNDLE_IDENTIFIER = com.sample.anotate;
				PRODUCT_NAME = Annotate;
			};
			name = Release;
		};
/* End XCBuildConfiguration section */

/* Begin XCConfigurationList section */
		94678EA61CDBC9050050BD66 /* Build configuration list for PBXProject "Annotate" */ = {
			isa = XCConfigurationList;
			buildConfigurations = (
				94678EC31CDBC9050050BD66 /* Debug */,
				94678EC41CDBC9050050BD66 /* Release */,
			);
			defaultConfigurationIsVisible = 0;
			defaultConfigurationName = Release;
		};
		94678EC51CDBC9050050BD66 /* Build configuration list for PBXNativeTarget "Annotate" */ = {
			isa = XCConfigurationList;
			buildConfigurations = (
				94678EC61CDBC9050050BD66 /* Debug */,
				94678EC71CDBC9050050BD66 /* Release */,
			);
			defaultConfigurationIsVisible = 0;
			defaultConfigurationName = Release;
		};
/* End XCConfigurationList section */
	};
	rootObject = 94678EA31CDBC9050050BD66 /* Project object */;
}
